
Microsoft Visual Studio Solution File, Format Version 12.00
# Visual Studio Version 17
VisualStudioVersion = 17.5.001.0
MinimumVisualStudioVersion = 10.0.40219.1
Project("{9A19103F-16F7-4668-BE54-9A1E7A4F7556}") = "Narrative", "Narrative.csproj", "{9C1AF468-D984-4FDF-B207-DA075408049B}"
EndProject
Global
	GlobalSection(SolutionConfigurationPlatforms) = preSolution
		Debug|Any CPU = Debug|Any CPU
		Release|Any CPU = Release|Any CPU
	EndGlobalSection
	GlobalSection(ProjectConfigurationPlatforms) = postSolution
		{9C1AF468-D984-4FDF-B207-DA075408049B}.Debug|Any CPU.ActiveCfg = Debug|Any CPU
		{9C1AF468-D984-4FDF-B207-DA075408049B}.Debug|Any CPU.Build.0 = Debug|Any CPU
		{9C1AF468-D984-4FDF-B207-DA075408049B}.Release|Any CPU.ActiveCfg = Release|Any CPU
		{9C1AF468-D984-4FDF-B207-DA075408049B}.Release|Any CPU.Build.0 = Release|Any CPU
	EndGlobalSection
	GlobalSection(SolutionProperties) = preSolution
		HideSolutionNode = FALSE
	EndGlobalSection
	GlobalSection(ExtensibilityGlobals) = postSolution
		SolutionGuid = {9E58198F-8F34-4F97-81FB-6C1464160124}
	EndGlobalSection
EndGlobal
